# This file is automatically @generated by Cargo.
# It is not intended for manual editing.
version = 4

[[package]]
name = "spiritos-aarch64"
version = "0.1.0"
dependencies = [
 "spiritos-hal",
 "spiritos-kernel",
]

[[package]]
name = "spiritos-abi"
version = "0.1.0"

[[package]]
name = "spiritos-hal"
version = "0.1.0"
dependencies = [
 "spiritos-abi",
]

[[package]]
name = "spiritos-kernel"
version = "0.1.0"
dependencies = [
 "spiritos-abi",
 "spiritos-hal",
]

[[package]]
name = "spiritos-x86_64"
version = "0.1.0"
dependencies = [
 "spiritos-hal",
 "spiritos-kernel",
]
